
Microsoft Visual Studio Solution File, Format Version 12.00
# Visual Studio Version 17
VisualStudioVersion = 17.5.33424.131
MinimumVisualStudioVersion = 10.0.40219.1
Project("{FAE04EC0-301F-11D3-BF4B-00C04F79EFBC}") = "ILoveHueClone", "ILoveHueClone.csproj", "{DCB71C45-C446-4B40-B003-BB2738982BA9}"
EndProject
Global
	GlobalSection(SolutionConfigurationPlatforms) = preSolution
		Debug|Any CPU = Debug|Any CPU
		Release|Any CPU = Release|Any CPU
	EndGlobalSection
	GlobalSection(ProjectConfigurationPlatforms) = postSolution
		{DCB71C45-C446-4B40-B003-BB2738982BA9}.Debug|Any CPU.ActiveCfg = Debug|Any CPU
		{DCB71C45-C446-4B40-B003-BB2738982BA9}.Debug|Any CPU.Build.0 = Debug|Any CPU
		{DCB71C45-C446-4B40-B003-BB2738982BA9}.Release|Any CPU.ActiveCfg = Release|Any CPU
		{DCB71C45-C446-4B40-B003-BB2738982BA9}.Release|Any CPU.Build.0 = Release|Any CPU
	EndGlobalSection
	GlobalSection(SolutionProperties) = preSolution
		HideSolutionNode = FALSE
	EndGlobalSection
	GlobalSection(ExtensibilityGlobals) = postSolution
		SolutionGuid = {49D49CD6-3450-4F6D-B3A2-2F3243CD5B7B}
	EndGlobalSection
EndGlobal
